
Microsoft Visual Studio Solution File, Format Version 12.00
# Visual Studio 2013
VisualStudioVersion = 12.0.31101.0
MinimumVisualStudioVersion = 10.0.40219.1
Project("{FAE04EC0-301F-11D3-BF4B-00C04F79EFBC}") = "HackerRank.Solutions", "HackerRank\HackerRank.Solutions.csproj", "{51BD3137-503D-4DA0-8B6E-F0B57303250C}"
EndProject
Project("{FAE04EC0-301F-11D3-BF4B-00C04F79EFBC}") = "HackerRank.Tests", "HackerRank.Tests\HackerRank.Tests.csproj", "{60B65AB5-7ADC-45C8-ABC5-05C7115CD005}"
EndProject
Global
	GlobalSection(SolutionConfigurationPlatforms) = preSolution
		Debug|Any CPU = Debug|Any CPU
		Release|Any CPU = Release|Any CPU
	EndGlobalSection
	GlobalSection(ProjectConfigurationPlatforms) = postSolution
		{51BD3137-503D-4DA0-8B6E-F0B57303250C}.Debug|Any CPU.ActiveCfg = Debug|Any CPU
		{51BD3137-503D-4DA0-8B6E-F0B57303250C}.Debug|Any CPU.Build.0 = Debug|Any CPU
		{51BD3137-503D-4DA0-8B6E-F0B57303250C}.Release|Any CPU.ActiveCfg = Release|Any CPU
		{51BD3137-503D-4DA0-8B6E-F0B57303250C}.Release|Any CPU.Build.0 = Release|Any CPU
		{60B65AB5-7ADC-45C8-ABC5-05C7115CD005}.Debug|Any CPU.ActiveCfg = Debug|Any CPU
		{60B65AB5-7ADC-45C8-ABC5-05C7115CD005}.Debug|Any CPU.Build.0 = Debug|Any CPU
		{60B65AB5-7ADC-45C8-ABC5-05C7115CD005}.Release|Any CPU.ActiveCfg = Release|Any CPU
		{60B65AB5-7ADC-45C8-ABC5-05C7115CD005}.Release|Any CPU.Build.0 = Release|Any CPU
	EndGlobalSection
	GlobalSection(SolutionProperties) = preSolution
		HideSolutionNode = FALSE
	EndGlobalSection
EndGlobal
